// !$*UTF8*$!
{
	archiveVersion = 1;
	classes = {
	};
	objectVersion = 56;
	objects = {

/* Begin PBXBuildFile section */
		6C7F3F2F2AD6893F001398BB /* MovieDetailView.swift in Sources */ = {isa = PBXBuildFile; fileRef = 6C7F3F2E2AD6893F001398BB /* MovieDetailView.swift */; };
		6C7F3F312AD68952001398BB /* MovieDetailViewModel.swift in Sources */ = {isa = PBXBuildFile; fileRef = 6C7F3F302AD68952001398BB /* MovieDetailViewModel.swift */; };
		6C7F3F332AD68981001398BB /* StarRatingView.swift in Sources */ = {isa = PBXBuildFile; fileRef = 6C7F3F322AD68981001398BB /* StarRatingView.swift */; };
		6CB227732AD5BE6D0046012D /* MovieDBApp.swift in Sources */ = {isa = PBXBuildFile; fileRef = 6CB227722AD5BE6D0046012D /* MovieDBApp.swift */; };
		6CB227752AD5BE6D0046012D /* MainView.swift in Sources */ = {isa = PBXBuildFile; fileRef = 6CB227742AD5BE6D0046012D /* MainView.swift */; };
		6CB227772AD5BE6E0046012D /* Assets.xcassets in Resources */ = {isa = PBXBuildFile; fileRef = 6CB227762AD5BE6E0046012D /* Assets.xcassets */; };
		6CB2277A2AD5BE6E0046012D /* Preview Assets.xcassets in Resources */ = {isa = PBXBuildFile; fileRef = 6CB227792AD5BE6E0046012D /* Preview Assets.xcassets */; };
		6CB227842AD5C3E20046012D /* Alamofire in Frameworks */ = {isa = PBXBuildFile; productRef = 6CB227832AD5C3E20046012D /* Alamofire */; };
		6CB227872AD5C4460046012D /* MovieRepository.swift in Sources */ = {isa = PBXBuildFile; fileRef = 6CB227862AD5C4460046012D /* MovieRepository.swift */; };
		6CB2278C2AD5C4E40046012D /* NetworkService.swift in Sources */ = {isa = PBXBuildFile; fileRef = 6CB2278B2AD5C4E40046012D /* NetworkService.swift */; };
		6CB2278E2AD5C7550046012D /* Movie.swift in Sources */ = {isa = PBXBuildFile; fileRef = 6CB2278D2AD5C7550046012D /* Movie.swift */; };
		6CB227912AD5C9D30046012D /* MainViewModel.swift in Sources */ = {isa = PBXBuildFile; fileRef = 6CB227902AD5C9D30046012D /* MainViewModel.swift */; };
		6CB227952AD5CE5E0046012D /* SDWebImageSwiftUI in Frameworks */ = {isa = PBXBuildFile; productRef = 6CB227942AD5CE5E0046012D /* SDWebImageSwiftUI */; };
		6CB227972AD5CE960046012D /* GetMoviesUseCase.swift in Sources */ = {isa = PBXBuildFile; fileRef = 6CB227962AD5CE960046012D /* GetMoviesUseCase.swift */; };
/* End PBXBuildFile section */

/* Begin PBXFileReference section */
		6C7F3F2E2AD6893F001398BB /* MovieDetailView.swift */ = {isa = PBXFileReference; lastKnownFileType = sourcecode.swift; path = MovieDetailView.swift; sourceTree = "<group>"; };
		6C7F3F302AD68952001398BB /* MovieDetailViewModel.swift */ = {isa = PBXFileReference; lastKnownFileType = sourcecode.swift; path = MovieDetailViewModel.swift; sourceTree = "<group>"; };
		6C7F3F322AD68981001398BB /* StarRatingView.swift */ = {isa = PBXFileReference; lastKnownFileType = sourcecode.swift; path = StarRatingView.swift; sourceTree = "<group>"; };
		6CB2276F2AD5BE6D0046012D /* MovieDB.app */ = {isa = PBXFileReference; explicitFileType = wrapper.application; includeInIndex = 0; path = MovieDB.app; sourceTree = BUILT_PRODUCTS_DIR; };
		6CB227722AD5BE6D0046012D /* MovieDBApp.swift */ = {isa = PBXFileReference; lastKnownFileType = sourcecode.swift; path = MovieDBApp.swift; sourceTree = "<group>"; };
		6CB227742AD5BE6D0046012D /* MainView.swift */ = {isa = PBXFileReference; lastKnownFileType = sourcecode.swift; path = MainView.swift; sourceTree = "<group>"; };
		6CB227762AD5BE6E0046012D /* Assets.xcassets */ = {isa = PBXFileReference; lastKnownFileType = folder.assetcatalog; path = Assets.xcassets; sourceTree = "<group>"; };
		6CB227792AD5BE6E0046012D /* Preview Assets.xcassets */ = {isa = PBXFileReference; lastKnownFileType = folder.assetcatalog; path = "Preview Assets.xcassets"; sourceTree = "<group>"; };
		6CB227862AD5C4460046012D /* MovieRepository.swift */ = {isa = PBXFileReference; lastKnownFileType = sourcecode.swift; path = MovieRepository.swift; sourceTree = "<group>"; };
		6CB2278B2AD5C4E40046012D /* NetworkService.swift */ = {isa = PBXFileReference; lastKnownFileType = sourcecode.swift; path = NetworkService.swift; sourceTree = "<group>"; };
		6CB2278D2AD5C7550046012D /* Movie.swift */ = {isa = PBXFileReference; lastKnownFileType = sourcecode.swift; path = Movie.swift; sourceTree = "<group>"; };
		6CB227902AD5C9D30046012D /* MainViewModel.swift */ = {isa = PBXFileReference; lastKnownFileType = sourcecode.swift; path = MainViewModel.swift; sourceTree = "<group>"; };
		6CB227962AD5CE960046012D /* GetMoviesUseCase.swift */ = {isa = PBXFileReference; lastKnownFileType = sourcecode.swift; path = GetMoviesUseCase.swift; sourceTree = "<group>"; };
/* End PBXFileReference section */

/* Begin PBXFrameworksBuildPhase section */
		6CB2276C2AD5BE6D0046012D /* Frameworks */ = {
			isa = PBXFrameworksBuildPhase;
			buildActionMask = 2147483647;
			files = (
				6CB227952AD5CE5E0046012D /* SDWebImageSwiftUI in Frameworks */,
				6CB227842AD5C3E20046012D /* Alamofire in Frameworks */,
			);
			runOnlyForDeploymentPostprocessing = 0;
		};
/* End PBXFrameworksBuildPhase section */

/* Begin PBXGroup section */
		6CB227662AD5BE6D0046012D = {
			isa = PBXGroup;
			children = (
				6CB227712AD5BE6D0046012D /* MovieDB */,
				6CB227702AD5BE6D0046012D /* Products */,
			);
			sourceTree = "<group>";
		};
		6CB227702AD5BE6D0046012D /* Products */ = {
			isa = PBXGroup;
			children = (
				6CB2276F2AD5BE6D0046012D /* MovieDB.app */,
			);
			name = Products;
			sourceTree = "<group>";
		};
		6CB227712AD5BE6D0046012D /* MovieDB */ = {
			isa = PBXGroup;
			children = (
				6CB227722AD5BE6D0046012D /* MovieDBApp.swift */,
				6CB227922AD5CE020046012D /* Domain */,
				6CB227852AD5C4400046012D /* Data */,
				6CB227802AD5C0EB0046012D /* Framework */,
				6CB227762AD5BE6E0046012D /* Assets.xcassets */,
				6CB227782AD5BE6E0046012D /* Preview Content */,
			);
			path = MovieDB;
			sourceTree = "<group>";
		};
		6CB227782AD5BE6E0046012D /* Preview Content */ = {
			isa = PBXGroup;
			children = (
				6CB227792AD5BE6E0046012D /* Preview Assets.xcassets */,
			);
			path = "Preview Content";
			sourceTree = "<group>";
		};
		6CB227802AD5C0EB0046012D /* Framework */ = {
			isa = PBXGroup;
			children = (
				6CB2278F2AD5C9C80046012D /* ViewModels */,
				6CB227812AD5C0F30046012D /* Views */,
			);
			path = Framework;
			sourceTree = "<group>";
		};
		6CB227812AD5C0F30046012D /* Views */ = {
			isa = PBXGroup;
			children = (
				6CB227742AD5BE6D0046012D /* MainView.swift */,
				6C7F3F2E2AD6893F001398BB /* MovieDetailView.swift */,
				6C7F3F322AD68981001398BB /* StarRatingView.swift */,
			);
			path = Views;
			sourceTree = "<group>";
		};
		6CB227852AD5C4400046012D /* Data */ = {
			isa = PBXGroup;
			children = (
				6CB227882AD5C4BC0046012D /* Models */,
				6CB227862AD5C4460046012D /* MovieRepository.swift */,
			);
			path = Data;
			sourceTree = "<group>";
		};
		6CB227882AD5C4BC0046012D /* Models */ = {
			isa = PBXGroup;
			children = (
				6CB2278A2AD5C4DE0046012D /* Network */,
				6CB2278D2AD5C7550046012D /* Movie.swift */,
			);
			path = Models;
			sourceTree = "<group>";
		};
		6CB2278A2AD5C4DE0046012D /* Network */ = {
			isa = PBXGroup;
			children = (
				6CB2278B2AD5C4E40046012D /* NetworkService.swift */,
			);
			path = Network;
			sourceTree = "<group>";
		};
		6CB2278F2AD5C9C80046012D /* ViewModels */ = {
			isa = PBXGroup;
			children = (
				6CB227902AD5C9D30046012D /* MainViewModel.swift */,
				6C7F3F302AD68952001398BB /* MovieDetailViewModel.swift */,
			);
			path = ViewModels;
			sourceTree = "<group>";
		};
		6CB227922AD5CE020046012D /* Domain */ = {
			isa = PBXGroup;
			children = (
				6CB227962AD5CE960046012D /* GetMoviesUseCase.swift */,
			);
			path = Domain;
			sourceTree = "<group>";
		};
/* End PBXGroup section */

/* Begin PBXNativeTarget section */
		6CB2276E2AD5BE6D0046012D /* MovieDB */ = {
			isa = PBXNativeTarget;
			buildConfigurationList = 6CB2277D2AD5BE6E0046012D /* Build configuration list for PBXNativeTarget "MovieDB" */;
			buildPhases = (
				6CB2276B2AD5BE6D0046012D /* Sources */,
				6CB2276C2AD5BE6D0046012D /* Frameworks */,
				6CB2276D2AD5BE6D0046012D /* Resources */,
			);
			buildRules = (
			);
			dependencies = (
			);
			name = MovieDB;
			packageProductDependencies = (
				6CB227832AD5C3E20046012D /* Alamofire */,
				6CB227942AD5CE5E0046012D /* SDWebImageSwiftUI */,
			);
			productName = MovieDB;
			productReference = 6CB2276F2AD5BE6D0046012D /* MovieDB.app */;
			productType = "com.apple.product-type.application";
		};
/* End PBXNativeTarget section */

/* Begin PBXProject section */
		6CB227672AD5BE6D0046012D /* Project object */ = {
			isa = PBXProject;
			attributes = {
				BuildIndependentTargetsInParallel = 1;
				LastSwiftUpdateCheck = 1500;
				LastUpgradeCheck = 1500;
				TargetAttributes = {
					6CB2276E2AD5BE6D0046012D = {
						CreatedOnToolsVersion = 15.0;
					};
				};
			};
			buildConfigurationList = 6CB2276A2AD5BE6D0046012D /* Build configuration list for PBXProject "MovieDB" */;
			compatibilityVersion = "Xcode 14.0";
			developmentRegion = en;
			hasScannedForEncodings = 0;
			knownRegions = (
				en,
				Base,
			);
			mainGroup = 6CB227662AD5BE6D0046012D;
			packageReferences = (
				6CB227822AD5C3E20046012D /* XCRemoteSwiftPackageReference "Alamofire" */,
				6CB227932AD5CE5D0046012D /* XCRemoteSwiftPackageReference "SDWebImageSwiftUI" */,
			);
			productRefGroup = 6CB227702AD5BE6D0046012D /* Products */;
			projectDirPath = "";
			projectRoot = "";
			targets = (
				6CB2276E2AD5BE6D0046012D /* MovieDB */,
			);
		};
/* End PBXProject section */

/* Begin PBXResourcesBuildPhase section */
		6CB2276D2AD5BE6D0046012D /* Resources */ = {
			isa = PBXResourcesBuildPhase;
			buildActionMask = 2147483647;
			files = (
				6CB2277A2AD5BE6E0046012D /* Preview Assets.xcassets in Resources */,
				6CB227772AD5BE6E0046012D /* Assets.xcassets in Resources */,
			);
			runOnlyForDeploymentPostprocessing = 0;
		};
/* End PBXResourcesBuildPhase section */

/* Begin PBXSourcesBuildPhase section */
		6CB2276B2AD5BE6D0046012D /* Sources */ = {
			isa = PBXSourcesBuildPhase;
			buildActionMask = 2147483647;
			files = (
				6CB227752AD5BE6D0046012D /* MainView.swift in Sources */,
				6CB227732AD5BE6D0046012D /* MovieDBApp.swift in Sources */,
				6CB2278C2AD5C4E40046012D /* NetworkService.swift in Sources */,
				6C7F3F332AD68981001398BB /* StarRatingView.swift in Sources */,
				6CB227872AD5C4460046012D /* MovieRepository.swift in Sources */,
				6CB227972AD5CE960046012D /* GetMoviesUseCase.swift in Sources */,
				6CB2278E2AD5C7550046012D /* Movie.swift in Sources */,
				6C7F3F2F2AD6893F001398BB /* MovieDetailView.swift in Sources */,
				6CB227912AD5C9D30046012D /* MainViewModel.swift in Sources */,
				6C7F3F312AD68952001398BB /* MovieDetailViewModel.swift in Sources */,
			);
			runOnlyForDeploymentPostprocessing = 0;
		};
/* End PBXSourcesBuildPhase section */

/* Begin XCBuildConfiguration section */
		6CB2277B2AD5BE6E0046012D /* Debug */ = {
			isa = XCBuildConfiguration;
			buildSettings = {
				ALWAYS_SEARCH_USER_PATHS = NO;
				ASSETCATALOG_COMPILER_GENERATE_SWIFT_ASSET_SYMBOL_EXTENSIONS = YES;
				CLANG_ANALYZER_NONNULL = YES;
				CLANG_ANALYZER_NUMBER_OBJECT_CONVERSION = YES_AGGRESSIVE;
				CLANG_CXX_LANGUAGE_STANDARD = "gnu++20";
				CLANG_ENABLE_MODULES = YES;
				CLANG_ENABLE_OBJC_ARC = YES;
				CLANG_ENABLE_OBJC_WEAK = YES;
				CLANG_WARN_BLOCK_CAPTURE_AUTORELEASING = YES;
				CLANG_WARN_BOOL_CONVERSION = YES;
				CLANG_WARN_COMMA = YES;
				CLANG_WARN_CONSTANT_CONVERSION = YES;
				CLANG_WARN_DEPRECATED_OBJC_IMPLEMENTATIONS = YES;
				CLANG_WARN_DIRECT_OBJC_ISA_USAGE = YES_ERROR;
				CLANG_WARN_DOCUMENTATION_COMMENTS = YES;
				CLANG_WARN_EMPTY_BODY = YES;
				CLANG_WARN_ENUM_CONVERSION = YES;
				CLANG_WARN_INFINITE_RECURSION = YES;
				CLANG_WARN_INT_CONVERSION = YES;
				CLANG_WARN_NON_LITERAL_NULL_CONVERSION = YES;
				CLANG_WARN_OBJC_IMPLICIT_RETAIN_SELF = YES;
				CLANG_WARN_OBJC_LITERAL_CONVERSION = YES;
				CLANG_WARN_OBJC_ROOT_CLASS = YES_ERROR;
				CLANG_WARN_QUOTED_INCLUDE_IN_FRAMEWORK_HEADER = YES;
				CLANG_WARN_RANGE_LOOP_ANALYSIS = YES;
				CLANG_WARN_STRICT_PROTOTYPES = YES;
				CLANG_WARN_SUSPICIOUS_MOVE = YES;
				CLANG_WARN_UNGUARDED_AVAILABILITY = YES_AGGRESSIVE;
				CLANG_WARN_UNREACHABLE_CODE = YES;
				CLANG_WARN__DUPLICATE_METHOD_MATCH = YES;
				COPY_PHASE_STRIP = NO;
				DEBUG_INFORMATION_FORMAT = dwarf;
				ENABLE_STRICT_OBJC_MSGSEND = YES;
				ENABLE_TESTABILITY = YES;
				ENABLE_USER_SCRIPT_SANDBOXING = YES;
				GCC_C_LANGUAGE_STANDARD = gnu17;
				GCC_DYNAMIC_NO_PIC = NO;
				GCC_NO_COMMON_BLOCKS = YES;
				GCC_OPTIMIZATION_LEVEL = 0;
				GCC_PREPROCESSOR_DEFINITIONS = (
					"DEBUG=1",
					"$(inherited)",
				);
				GCC_WARN_64_TO_32_BIT_CONVERSION = YES;
				GCC_WARN_ABOUT_RETURN_TYPE = YES_ERROR;
				GCC_WARN_UNDECLARED_SELECTOR = YES;
				GCC_WARN_UNINITIALIZED_AUTOS = YES_AGGRESSIVE;
				GCC_WARN_UNUSED_FUNCTION = YES;
				GCC_WARN_UNUSED_VARIABLE = YES;
				IPHONEOS_DEPLOYMENT_TARGET = 17.0;
				LOCALIZATION_PREFERS_STRING_CATALOGS = YES;
				MTL_ENABLE_DEBUG_INFO = INCLUDE_SOURCE;
				MTL_FAST_MATH = YES;
				ONLY_ACTIVE_ARCH = YES;
				SDKROOT = iphoneos;
				SWIFT_ACTIVE_COMPILATION_CONDITIONS = "DEBUG $(inherited)";
				SWIFT_OPTIMIZATION_LEVEL = "-Onone";
			};
			name = Debug;
		};
		6CB2277C2AD5BE6E0046012D /* Release */ = {
			isa = XCBuildConfiguration;
			buildSettings = {
				ALWAYS_SEARCH_USER_PATHS = NO;
				ASSETCATALOG_COMPILER_GENERATE_SWIFT_ASSET_SYMBOL_EXTENSIONS = YES;
				CLANG_ANALYZER_NONNULL = YES;
				CLANG_ANALYZER_NUMBER_OBJECT_CONVERSION = YES_AGGRESSIVE;
				CLANG_CXX_LANGUAGE_STANDARD = "gnu++20";
				CLANG_ENABLE_MODULES = YES;
				CLANG_ENABLE_OBJC_ARC = YES;
				CLANG_ENABLE_OBJC_WEAK = YES;
				CLANG_WARN_BLOCK_CAPTURE_AUTORELEASING = YES;
				CLANG_WARN_BOOL_CONVERSION = YES;
				CLANG_WARN_COMMA = YES;
				CLANG_WARN_CONSTANT_CONVERSION = YES;
				CLANG_WARN_DEPRECATED_OBJC_IMPLEMENTATIONS = YES;
				CLANG_WARN_DIRECT_OBJC_ISA_USAGE = YES_ERROR;
				CLANG_WARN_DOCUMENTATION_COMMENTS = YES;
				CLANG_WARN_EMPTY_BODY = YES;
				CLANG_WARN_ENUM_CONVERSION = YES;
				CLANG_WARN_INFINITE_RECURSION = YES;
				CLANG_WARN_INT_CONVERSION = YES;
				CLANG_WARN_NON_LITERAL_NULL_CONVERSION = YES;
				CLANG_WARN_OBJC_IMPLICIT_RETAIN_SELF = YES;
				CLANG_WARN_OBJC_LITERAL_CONVERSION = YES;
				CLANG_WARN_OBJC_ROOT_CLASS = YES_ERROR;
				CLANG_WARN_QUOTED_INCLUDE_IN_FRAMEWORK_HEADER = YES;
				CLANG_WARN_RANGE_LOOP_ANALYSIS = YES;
				CLANG_WARN_STRICT_PROTOTYPES = YES;
				CLANG_WARN_SUSPICIOUS_MOVE = YES;
				CLANG_WARN_UNGUARDED_AVAILABILITY = YES_AGGRESSIVE;
				CLANG_WARN_UNREACHABLE_CODE = YES;
				CLANG_WARN__DUPLICATE_METHOD_MATCH = YES;
				COPY_PHASE_STRIP = NO;
				DEBUG_INFORMATION_FORMAT = "dwarf-with-dsym";
				ENABLE_NS_ASSERTIONS = NO;
				ENABLE_STRICT_OBJC_MSGSEND = YES;
				ENABLE_USER_SCRIPT_SANDBOXING = YES;
				GCC_C_LANGUAGE_STANDARD = gnu17;
				GCC_NO_COMMON_BLOCKS = YES;
				GCC_WARN_64_TO_32_BIT_CONVERSION = YES;
				GCC_WARN_ABOUT_RETURN_TYPE = YES_ERROR;
				GCC_WARN_UNDECLARED_SELECTOR = YES;
				GCC_WARN_UNINITIALIZED_AUTOS = YES_AGGRESSIVE;
				GCC_WARN_UNUSED_FUNCTION = YES;
				GCC_WARN_UNUSED_VARIABLE = YES;
				IPHONEOS_DEPLOYMENT_TARGET = 17.0;
				LOCALIZATION_PREFERS_STRING_CATALOGS = YES;
				MTL_ENABLE_DEBUG_INFO = NO;
				MTL_FAST_MATH = YES;
				SDKROOT = iphoneos;
				SWIFT_COMPILATION_MODE = wholemodule;
				VALIDATE_PRODUCT = YES;
			};
			name = Release;
		};
		6CB2277E2AD5BE6E0046012D /* Debug */ = {
			isa = XCBuildConfiguration;
			buildSettings = {
				ASSETCATALOG_COMPILER_APPICON_NAME = AppIcon;
				ASSETCATALOG_COMPILER_GLOBAL_ACCENT_COLOR_NAME = AccentColor;
				CODE_SIGN_STYLE = Automatic;
				CURRENT_PROJECT_VERSION = 1;
				DEVELOPMENT_ASSET_PATHS = "\"MovieDB/Preview Content\"";
				DEVELOPMENT_TEAM = 3YA9576WH5;
				ENABLE_PREVIEWS = YES;
				GENERATE_INFOPLIST_FILE = YES;
				INFOPLIST_KEY_UIApplicationSceneManifest_Generation = YES;
				INFOPLIST_KEY_UIApplicationSupportsIndirectInputEvents = YES;
				INFOPLIST_KEY_UILaunchScreen_Generation = YES;
				INFOPLIST_KEY_UISupportedInterfaceOrientations_iPad = "UIInterfaceOrientationPortrait UIInterfaceOrientationPortraitUpsideDown UIInterfaceOrientationLandscapeLeft UIInterfaceOrientationLandscapeRight";
				INFOPLIST_KEY_UISupportedInterfaceOrientations_iPhone = "UIInterfaceOrientationPortrait UIInterfaceOrientationLandscapeLeft UIInterfaceOrientationLandscapeRight";
				IPHONEOS_DEPLOYMENT_TARGET = 16.4;
				LD_RUNPATH_SEARCH_PATHS = (
					"$(inherited)",
					"@executable_path/Frameworks",
				);
				MARKETING_VERSION = 1.0;
				PRODUCT_BUNDLE_IDENTIFIER = organization.MovieDB;
				PRODUCT_NAME = "$(TARGET_NAME)";
				SWIFT_EMIT_LOC_STRINGS = YES;
				SWIFT_VERSION = 5.0;
				TARGETED_DEVICE_FAMILY = "1,2";
			};
			name = Debug;
		};
		6CB2277F2AD5BE6E0046012D /* Release */ = {
			isa = XCBuildConfiguration;
			buildSettings = {
				ASSETCATALOG_COMPILER_APPICON_NAME = AppIcon;
				ASSETCATALOG_COMPILER_GLOBAL_ACCENT_COLOR_NAME = AccentColor;
				CODE_SIGN_STYLE = Automatic;
				CURRENT_PROJECT_VERSION = 1;
				DEVELOPMENT_ASSET_PATHS = "\"MovieDB/Preview Content\"";
				DEVELOPMENT_TEAM = 3YA9576WH5;
				ENABLE_PREVIEWS = YES;
				GENERATE_INFOPLIST_FILE = YES;
				INFOPLIST_KEY_UIApplicationSceneManifest_Generation = YES;
				INFOPLIST_KEY_UIApplicationSupportsIndirectInputEvents = YES;
				INFOPLIST_KEY_UILaunchScreen_Generation = YES;
				INFOPLIST_KEY_UISupportedInterfaceOrientations_iPad = "UIInterfaceOrientationPortrait UIInterfaceOrientationPortraitUpsideDown UIInterfaceOrientationLandscapeLeft UIInterfaceOrientationLandscapeRight";
				INFOPLIST_KEY_UISupportedInterfaceOrientations_iPhone = "UIInterfaceOrientationPortrait UIInterfaceOrientationLandscapeLeft UIInterfaceOrientationLandscapeRight";
				IPHONEOS_DEPLOYMENT_TARGET = 16.4;
				LD_RUNPATH_SEARCH_PATHS = (
					"$(inherited)",
					"@executable_path/Frameworks",
				);
				MARKETING_VERSION = 1.0;
				PRODUCT_BUNDLE_IDENTIFIER = organization.MovieDB;
				PRODUCT_NAME = "$(TARGET_NAME)";
				SWIFT_EMIT_LOC_STRINGS = YES;
				SWIFT_VERSION = 5.0;
				TARGETED_DEVICE_FAMILY = "1,2";
			};
			name = Release;
		};
/* End XCBuildConfiguration section */

/* Begin XCConfigurationList section */
		6CB2276A2AD5BE6D0046012D /* Build configuration list for PBXProject "MovieDB" */ = {
			isa = XCConfigurationList;
			buildConfigurations = (
				6CB2277B2AD5BE6E0046012D /* Debug */,
				6CB2277C2AD5BE6E0046012D /* Release */,
			);
			defaultConfigurationIsVisible = 0;
			defaultConfigurationName = Release;
		};
		6CB2277D2AD5BE6E0046012D /* Build configuration list for PBXNativeTarget "MovieDB" */ = {
			isa = XCConfigurationList;
			buildConfigurations = (
				6CB2277E2AD5BE6E0046012D /* Debug */,
				6CB2277F2AD5BE6E0046012D /* Release */,
			);
			defaultConfigurationIsVisible = 0;
			defaultConfigurationName = Release;
		};
/* End XCConfigurationList section */

/* Begin XCRemoteSwiftPackageReference section */
		6CB227822AD5C3E20046012D /* XCRemoteSwiftPackageReference "Alamofire" */ = {
			isa = XCRemoteSwiftPackageReference;
			repositoryURL = "https://github.com/Alamofire/Alamofire.git";
			requirement = {
				kind = upToNextMajorVersion;
				minimumVersion = 5.8.0;
			};
		};
		6CB227932AD5CE5D0046012D /* XCRemoteSwiftPackageReference "SDWebImageSwiftUI" */ = {
			isa = XCRemoteSwiftPackageReference;
			repositoryURL = "https://github.com/SDWebImage/SDWebImageSwiftUI";
			requirement = {
				kind = upToNextMajorVersion;
				minimumVersion = 2.2.3;
			};
		};
/* End XCRemoteSwiftPackageReference section */

/* Begin XCSwiftPackageProductDependency section */
		6CB227832AD5C3E20046012D /* Alamofire */ = {
			isa = XCSwiftPackageProductDependency;
			package = 6CB227822AD5C3E20046012D /* XCRemoteSwiftPackageReference "Alamofire" */;
			productName = Alamofire;
		};
		6CB227942AD5CE5E0046012D /* SDWebImageSwiftUI */ = {
			isa = XCSwiftPackageProductDependency;
			package = 6CB227932AD5CE5D0046012D /* XCRemoteSwiftPackageReference "SDWebImageSwiftUI" */;
			productName = SDWebImageSwiftUI;
		};
/* End XCSwiftPackageProductDependency section */
	};
	rootObject = 6CB227672AD5BE6D0046012D /* Project object */;
}
